// !$*UTF8*$!
{
	archiveVersion = 1;
	classes = {
	};
	objectVersion = 46;
	objects = {

/* Begin PBXBuildFile section */
		677D4CFE1A8CF73200F200B2 /* AppDelegate.swift in Sources */ = {isa = PBXBuildFile; fileRef = 677D4CFD1A8CF73200F200B2 /* AppDelegate.swift */; };
		677D4D001A8CF73200F200B2 /* ViewController.swift in Sources */ = {isa = PBXBuildFile; fileRef = 677D4CFF1A8CF73200F200B2 /* ViewController.swift */; };
		677D4D031A8CF73200F200B2 /* Main.storyboard in Resources */ = {isa = PBXBuildFile; fileRef = 677D4D011A8CF73200F200B2 /* Main.storyboard */; };
		677D4D051A8CF73200F200B2 /* Images.xcassets in Resources */ = {isa = PBXBuildFile; fileRef = 677D4D041A8CF73200F200B2 /* Images.xcassets */; };
		677D4D081A8CF73200F200B2 /* LaunchScreen.xib in Resources */ = {isa = PBXBuildFile; fileRef = 677D4D061A8CF73200F200B2 /* LaunchScreen.xib */; };
		677D4D141A8CF73200F200B2 /* RecFibTests.swift in Sources */ = {isa = PBXBuildFile; fileRef = 677D4D131A8CF73200F200B2 /* RecFibTests.swift */; };
		677D4D221A8CFB1E00F200B2 /* RecFibObjc.m in Sources */ = {isa = PBXBuildFile; fileRef = 677D4D211A8CFB1E00F200B2 /* RecFibObjc.m */; };
		677D4D241A8D02F400F200B2 /* RecFibSwift.swift in Sources */ = {isa = PBXBuildFile; fileRef = 677D4D231A8D02F400F200B2 /* RecFibSwift.swift */; };
/* End PBXBuildFile section */

/* Begin PBXContainerItemProxy section */
		677D4D0E1A8CF73200F200B2 /* PBXContainerItemProxy */ = {
			isa = PBXContainerItemProxy;
			containerPortal = 677D4CF01A8CF73200F200B2 /* Project object */;
			proxyType = 1;
			remoteGlobalIDString = 677D4CF71A8CF73200F200B2;
			remoteInfo = RecFib;
		};
/* End PBXContainerItemProxy section */

/* Begin PBXFileReference section */
		677D4CF81A8CF73200F200B2 /* RecFib.app */ = {isa = PBXFileReference; explicitFileType = wrapper.application; includeInIndex = 0; path = RecFib.app; sourceTree = BUILT_PRODUCTS_DIR; };
		677D4CFC1A8CF73200F200B2 /* Info.plist */ = {isa = PBXFileReference; lastKnownFileType = text.plist.xml; path = Info.plist; sourceTree = "<group>"; };
		677D4CFD1A8CF73200F200B2 /* AppDelegate.swift */ = {isa = PBXFileReference; lastKnownFileType = sourcecode.swift; path = AppDelegate.swift; sourceTree = "<group>"; };
		677D4CFF1A8CF73200F200B2 /* ViewController.swift */ = {isa = PBXFileReference; lastKnownFileType = sourcecode.swift; path = ViewController.swift; sourceTree = "<group>"; };
		677D4D021A8CF73200F200B2 /* Base */ = {isa = PBXFileReference; lastKnownFileType = file.storyboard; name = Base; path = Base.lproj/Main.storyboard; sourceTree = "<group>"; };
		677D4D041A8CF73200F200B2 /* Images.xcassets */ = {isa = PBXFileReference; lastKnownFileType = folder.assetcatalog; path = Images.xcassets; sourceTree = "<group>"; };
		677D4D071A8CF73200F200B2 /* Base */ = {isa = PBXFileReference; lastKnownFileType = file.xib; name = Base; path = Base.lproj/LaunchScreen.xib; sourceTree = "<group>"; };
		677D4D0D1A8CF73200F200B2 /* RecFibTests.xctest */ = {isa = PBXFileReference; explicitFileType = wrapper.cfbundle; includeInIndex = 0; path = RecFibTests.xctest; sourceTree = BUILT_PRODUCTS_DIR; };
		677D4D121A8CF73200F200B2 /* Info.plist */ = {isa = PBXFileReference; lastKnownFileType = text.plist.xml; path = Info.plist; sourceTree = "<group>"; };
		677D4D131A8CF73200F200B2 /* RecFibTests.swift */ = {isa = PBXFileReference; lastKnownFileType = sourcecode.swift; path = RecFibTests.swift; sourceTree = "<group>"; };
		677D4D1D1A8CFA4F00F200B2 /* RecFib-Bridging-Header.h */ = {isa = PBXFileReference; lastKnownFileType = sourcecode.c.h; path = "RecFib-Bridging-Header.h"; sourceTree = "<group>"; };
		677D4D201A8CFB1E00F200B2 /* RecFibObjc.h */ = {isa = PBXFileReference; fileEncoding = 4; lastKnownFileType = sourcecode.c.h; path = RecFibObjc.h; sourceTree = "<group>"; };
		677D4D211A8CFB1E00F200B2 /* RecFibObjc.m */ = {isa = PBXFileReference; fileEncoding = 4; lastKnownFileType = sourcecode.c.objc; path = RecFibObjc.m; sourceTree = "<group>"; };
		677D4D231A8D02F400F200B2 /* RecFibSwift.swift */ = {isa = PBXFileReference; fileEncoding = 4; lastKnownFileType = sourcecode.swift; path = RecFibSwift.swift; sourceTree = "<group>"; };
/* End PBXFileReference section */

/* Begin PBXFrameworksBuildPhase section */
		677D4CF51A8CF73200F200B2 /* Frameworks */ = {
			isa = PBXFrameworksBuildPhase;
			buildActionMask = 2147483647;
			files = (
			);
			runOnlyForDeploymentPostprocessing = 0;
		};
		677D4D0A1A8CF73200F200B2 /* Frameworks */ = {
			isa = PBXFrameworksBuildPhase;
			buildActionMask = 2147483647;
			files = (
			);
			runOnlyForDeploymentPostprocessing = 0;
		};
/* End PBXFrameworksBuildPhase section */

/* Begin PBXGroup section */
		677D4CEF1A8CF73200F200B2 = {
			isa = PBXGroup;
			children = (
				677D4CFA1A8CF73200F200B2 /* RecFib */,
				677D4D101A8CF73200F200B2 /* RecFibTests */,
				677D4CF91A8CF73200F200B2 /* Products */,
			);
			sourceTree = "<group>";
		};
		677D4CF91A8CF73200F200B2 /* Products */ = {
			isa = PBXGroup;
			children = (
				677D4CF81A8CF73200F200B2 /* RecFib.app */,
				677D4D0D1A8CF73200F200B2 /* RecFibTests.xctest */,
			);
			name = Products;
			sourceTree = "<group>";
		};
		677D4CFA1A8CF73200F200B2 /* RecFib */ = {
			isa = PBXGroup;
			children = (
				677D4CFD1A8CF73200F200B2 /* AppDelegate.swift */,
				677D4CFF1A8CF73200F200B2 /* ViewController.swift */,
				677D4D011A8CF73200F200B2 /* Main.storyboard */,
				677D4D201A8CFB1E00F200B2 /* RecFibObjc.h */,
				677D4D211A8CFB1E00F200B2 /* RecFibObjc.m */,
				677D4D231A8D02F400F200B2 /* RecFibSwift.swift */,
				677D4D041A8CF73200F200B2 /* Images.xcassets */,
				677D4D061A8CF73200F200B2 /* LaunchScreen.xib */,
				677D4CFB1A8CF73200F200B2 /* Supporting Files */,
				677D4D1D1A8CFA4F00F200B2 /* RecFib-Bridging-Header.h */,
			);
			path = RecFib;
			sourceTree = "<group>";
		};
		677D4CFB1A8CF73200F200B2 /* Supporting Files */ = {
			isa = PBXGroup;
			children = (
				677D4CFC1A8CF73200F200B2 /* Info.plist */,
			);
			name = "Supporting Files";
			sourceTree = "<group>";
		};
		677D4D101A8CF73200F200B2 /* RecFibTests */ = {
			isa = PBXGroup;
			children = (
				677D4D131A8CF73200F200B2 /* RecFibTests.swift */,
				677D4D111A8CF73200F200B2 /* Supporting Files */,
			);
			path = RecFibTests;
			sourceTree = "<group>";
		};
		677D4D111A8CF73200F200B2 /* Supporting Files */ = {
			isa = PBXGroup;
			children = (
				677D4D121A8CF73200F200B2 /* Info.plist */,
			);
			name = "Supporting Files";
			sourceTree = "<group>";
		};
/* End PBXGroup section */

/* Begin PBXNativeTarget section */
		677D4CF71A8CF73200F200B2 /* RecFib */ = {
			isa = PBXNativeTarget;
			buildConfigurationList = 677D4D171A8CF73200F200B2 /* Build configuration list for PBXNativeTarget "RecFib" */;
			buildPhases = (
				677D4CF41A8CF73200F200B2 /* Sources */,
				677D4CF51A8CF73200F200B2 /* Frameworks */,
				677D4CF61A8CF73200F200B2 /* Resources */,
			);
			buildRules = (
			);
			dependencies = (
			);
			name = RecFib;
			productName = RecFib;
			productReference = 677D4CF81A8CF73200F200B2 /* RecFib.app */;
			productType = "com.apple.product-type.application";
		};
		677D4D0C1A8CF73200F200B2 /* RecFibTests */ = {
			isa = PBXNativeTarget;
			buildConfigurationList = 677D4D1A1A8CF73200F200B2 /* Build configuration list for PBXNativeTarget "RecFibTests" */;
			buildPhases = (
				677D4D091A8CF73200F200B2 /* Sources */,
				677D4D0A1A8CF73200F200B2 /* Frameworks */,
				677D4D0B1A8CF73200F200B2 /* Resources */,
			);
			buildRules = (
			);
			dependencies = (
				677D4D0F1A8CF73200F200B2 /* PBXTargetDependency */,
			);
			name = RecFibTests;
			productName = RecFibTests;
			productReference = 677D4D0D1A8CF73200F200B2 /* RecFibTests.xctest */;
			productType = "com.apple.product-type.bundle.unit-test";
		};
/* End PBXNativeTarget section */

/* Begin PBXProject section */
		677D4CF01A8CF73200F200B2 /* Project object */ = {
			isa = PBXProject;
			attributes = {
				LastUpgradeCheck = 0630;
				ORGANIZATIONNAME = MasayukiAtaka;
				TargetAttributes = {
					677D4CF71A8CF73200F200B2 = {
						CreatedOnToolsVersion = 6.3;
					};
					677D4D0C1A8CF73200F200B2 = {
						CreatedOnToolsVersion = 6.3;
						TestTargetID = 677D4CF71A8CF73200F200B2;
					};
				};
			};
			buildConfigurationList = 677D4CF31A8CF73200F200B2 /* Build configuration list for PBXProject "RecFib" */;
			compatibilityVersion = "Xcode 3.2";
			developmentRegion = English;
			hasScannedForEncodings = 0;
			knownRegions = (
				en,
				Base,
			);
			mainGroup = 677D4CEF1A8CF73200F200B2;
			productRefGroup = 677D4CF91A8CF73200F200B2 /* Products */;
			projectDirPath = "";
			projectRoot = "";
			targets = (
				677D4CF71A8CF73200F200B2 /* RecFib */,
				677D4D0C1A8CF73200F200B2 /* RecFibTests */,
			);
		};
/* End PBXProject section */

/* Begin PBXResourcesBuildPhase section */
		677D4CF61A8CF73200F200B2 /* Resources */ = {
			isa = PBXResourcesBuildPhase;
			buildActionMask = 2147483647;
			files = (
				677D4D031A8CF73200F200B2 /* Main.storyboard in Resources */,
				677D4D081A8CF73200F200B2 /* LaunchScreen.xib in Resources */,
				677D4D051A8CF73200F200B2 /* Images.xcassets in Resources */,
			);
			runOnlyForDeploymentPostprocessing = 0;
		};
		677D4D0B1A8CF73200F200B2 /* Resources */ = {
			isa = PBXResourcesBuildPhase;
			buildActionMask = 2147483647;
			files = (
			);
			runOnlyForDeploymentPostprocessing = 0;
		};
/* End PBXResourcesBuildPhase section */

/* Begin PBXSourcesBuildPhase section */
		677D4CF41A8CF73200F200B2 /* Sources */ = {
			isa = PBXSourcesBuildPhase;
			buildActionMask = 2147483647;
			files = (
				677D4D241A8D02F400F200B2 /* RecFibSwift.swift in Sources */,
				677D4D001A8CF73200F200B2 /* ViewController.swift in Sources */,
				677D4CFE1A8CF73200F200B2 /* AppDelegate.swift in Sources */,
				677D4D221A8CFB1E00F200B2 /* RecFibObjc.m in Sources */,
			);
			runOnlyForDeploymentPostprocessing = 0;
		};
		677D4D091A8CF73200F200B2 /* Sources */ = {
			isa = PBXSourcesBuildPhase;
			buildActionMask = 2147483647;
			files = (
				677D4D141A8CF73200F200B2 /* RecFibTests.swift in Sources */,
			);
			runOnlyForDeploymentPostprocessing = 0;
		};
/* End PBXSourcesBuildPhase section */

/* Begin PBXTargetDependency section */
		677D4D0F1A8CF73200F200B2 /* PBXTargetDependency */ = {
			isa = PBXTargetDependency;
			target = 677D4CF71A8CF73200F200B2 /* RecFib */;
			targetProxy = 677D4D0E1A8CF73200F200B2 /* PBXContainerItemProxy */;
		};
/* End PBXTargetDependency section */

/* Begin PBXVariantGroup section */
		677D4D011A8CF73200F200B2 /* Main.storyboard */ = {
			isa = PBXVariantGroup;
			children = (
				677D4D021A8CF73200F200B2 /* Base */,
			);
			name = Main.storyboard;
			sourceTree = "<group>";
		};
		677D4D061A8CF73200F200B2 /* LaunchScreen.xib */ = {
			isa = PBXVariantGroup;
			children = (
				677D4D071A8CF73200F200B2 /* Base */,
			);
			name = LaunchScreen.xib;
			sourceTree = "<group>";
		};
/* End PBXVariantGroup section */

/* Begin XCBuildConfiguration section */
		677D4D151A8CF73200F200B2 /* Debug */ = {
			isa = XCBuildConfiguration;
			buildSettings = {
				ALWAYS_SEARCH_USER_PATHS = NO;
				CLANG_CXX_LANGUAGE_STANDARD = "gnu++0x";
				CLANG_CXX_LIBRARY = "libc++";
				CLANG_ENABLE_MODULES = YES;
				CLANG_ENABLE_OBJC_ARC = YES;
				CLANG_WARN_BOOL_CONVERSION = YES;
				CLANG_WARN_CONSTANT_CONVERSION = YES;
				CLANG_WARN_DIRECT_OBJC_ISA_USAGE = YES_ERROR;
				CLANG_WARN_EMPTY_BODY = YES;
				CLANG_WARN_ENUM_CONVERSION = YES;
				CLANG_WARN_INT_CONVERSION = YES;
				CLANG_WARN_OBJC_ROOT_CLASS = YES_ERROR;
				CLANG_WARN_UNREACHABLE_CODE = YES;
				CLANG_WARN__DUPLICATE_METHOD_MATCH = YES;
				"CODE_SIGN_IDENTITY[sdk=iphoneos*]" = "iPhone Developer";
				COPY_PHASE_STRIP = NO;
				DEBUG_INFORMATION_FORMAT = dwarf;
				ENABLE_STRICT_OBJC_MSGSEND = YES;
				GCC_C_LANGUAGE_STANDARD = gnu99;
				GCC_DYNAMIC_NO_PIC = NO;
				GCC_OPTIMIZATION_LEVEL = 0;
				GCC_PREPROCESSOR_DEFINITIONS = (
					"DEBUG=1",
					"$(inherited)",
				);
				GCC_SYMBOLS_PRIVATE_EXTERN = NO;
				GCC_WARN_64_TO_32_BIT_CONVERSION = YES;
				GCC_WARN_ABOUT_RETURN_TYPE = YES_ERROR;
				GCC_WARN_UNDECLARED_SELECTOR = YES;
				GCC_WARN_UNINITIALIZED_AUTOS = YES_AGGRESSIVE;
				GCC_WARN_UNUSED_FUNCTION = YES;
				GCC_WARN_UNUSED_VARIABLE = YES;
				IPHONEOS_DEPLOYMENT_TARGET = 8.3;
				MTL_ENABLE_DEBUG_INFO = YES;
				ONLY_ACTIVE_ARCH = YES;
				SDKROOT = iphoneos;
				SWIFT_OPTIMIZATION_LEVEL = "-Onone";
			};
			name = Debug;
		};
		677D4D161A8CF73200F200B2 /* Release */ = {
			isa = XCBuildConfiguration;
			buildSettings = {
				ALWAYS_SEARCH_USER_PATHS = NO;
				CLANG_CXX_LANGUAGE_STANDARD = "gnu++0x";
				CLANG_CXX_LIBRARY = "libc++";
				CLANG_ENABLE_MODULES = YES;
				CLANG_ENABLE_OBJC_ARC = YES;
				CLANG_WARN_BOOL_CONVERSION = YES;
				CLANG_WARN_CONSTANT_CONVERSION = YES;
				CLANG_WARN_DIRECT_OBJC_ISA_USAGE = YES_ERROR;
				CLANG_WARN_EMPTY_BODY = YES;
				CLANG_WARN_ENUM_CONVERSION = YES;
				CLANG_WARN_INT_CONVERSION = YES;
				CLANG_WARN_OBJC_ROOT_CLASS = YES_ERROR;
				CLANG_WARN_UNREACHABLE_CODE = YES;
				CLANG_WARN__DUPLICATE_METHOD_MATCH = YES;
				"CODE_SIGN_IDENTITY[sdk=iphoneos*]" = "iPhone Developer";
				COPY_PHASE_STRIP = NO;
				DEBUG_INFORMATION_FORMAT = "dwarf-with-dsym";
				ENABLE_NS_ASSERTIONS = NO;
				ENABLE_STRICT_OBJC_MSGSEND = YES;
				GCC_C_LANGUAGE_STANDARD = gnu99;
				GCC_WARN_64_TO_32_BIT_CONVERSION = YES;
				GCC_WARN_ABOUT_RETURN_TYPE = YES_ERROR;
				GCC_WARN_UNDECLARED_SELECTOR = YES;
				GCC_WARN_UNINITIALIZED_AUTOS = YES_AGGRESSIVE;
				GCC_WARN_UNUSED_FUNCTION = YES;
				GCC_WARN_UNUSED_VARIABLE = YES;
				IPHONEOS_DEPLOYMENT_TARGET = 8.3;
				MTL_ENABLE_DEBUG_INFO = NO;
				SDKROOT = iphoneos;
				VALIDATE_PRODUCT = YES;
			};
			name = Release;
		};
		677D4D181A8CF73200F200B2 /* Debug */ = {
			isa = XCBuildConfiguration;
			buildSettings = {
				ASSETCATALOG_COMPILER_APPICON_NAME = AppIcon;
				CLANG_ENABLE_MODULES = YES;
				INFOPLIST_FILE = RecFib/Info.plist;
				LD_RUNPATH_SEARCH_PATHS = "$(inherited) @executable_path/Frameworks";
				PRODUCT_NAME = "$(TARGET_NAME)";
				SWIFT_OBJC_BRIDGING_HEADER = "RecFib/RecFib-Bridging-Header.h";
				SWIFT_OPTIMIZATION_LEVEL = "-Onone";
			};
			name = Debug;
		};
		677D4D191A8CF73200F200B2 /* Release */ = {
			isa = XCBuildConfiguration;
			buildSettings = {
				ASSETCATALOG_COMPILER_APPICON_NAME = AppIcon;
				CLANG_ENABLE_MODULES = YES;
				INFOPLIST_FILE = RecFib/Info.plist;
				LD_RUNPATH_SEARCH_PATHS = "$(inherited) @executable_path/Frameworks";
				PRODUCT_NAME = "$(TARGET_NAME)";
				SWIFT_OBJC_BRIDGING_HEADER = "RecFib/RecFib-Bridging-Header.h";
			};
			name = Release;
		};
		677D4D1B1A8CF73200F200B2 /* Debug */ = {
			isa = XCBuildConfiguration;
			buildSettings = {
				BUNDLE_LOADER = "$(TEST_HOST)";
				FRAMEWORK_SEARCH_PATHS = (
					"$(SDKROOT)/Developer/Library/Frameworks",
					"$(inherited)",
				);
				GCC_PREPROCESSOR_DEFINITIONS = (
					"DEBUG=1",
					"$(inherited)",
				);
				INFOPLIST_FILE = RecFibTests/Info.plist;
				LD_RUNPATH_SEARCH_PATHS = "$(inherited) @executable_path/Frameworks @loader_path/Frameworks";
				PRODUCT_NAME = "$(TARGET_NAME)";
				TEST_HOST = "$(BUILT_PRODUCTS_DIR)/RecFib.app/RecFib";
			};
			name = Debug;
		};
		677D4D1C1A8CF73200F200B2 /* Release */ = {
			isa = XCBuildConfiguration;
			buildSettings = {
				BUNDLE_LOADER = "$(TEST_HOST)";
				FRAMEWORK_SEARCH_PATHS = (
					"$(SDKROOT)/Developer/Library/Frameworks",
					"$(inherited)",
				);
				INFOPLIST_FILE = RecFibTests/Info.plist;
				LD_RUNPATH_SEARCH_PATHS = "$(inherited) @executable_path/Frameworks @loader_path/Frameworks";
				PRODUCT_NAME = "$(TARGET_NAME)";
				TEST_HOST = "$(BUILT_PRODUCTS_DIR)/RecFib.app/RecFib";
			};
			name = Release;
		};
/* End XCBuildConfiguration section */

/* Begin XCConfigurationList section */
		677D4CF31A8CF73200F200B2 /* Build configuration list for PBXProject "RecFib" */ = {
			isa = XCConfigurationList;
			buildConfigurations = (
				677D4D151A8CF73200F200B2 /* Debug */,
				677D4D161A8CF73200F200B2 /* Release */,
			);
			defaultConfigurationIsVisible = 0;
			defaultConfigurationName = Release;
		};
		677D4D171A8CF73200F200B2 /* Build configuration list for PBXNativeTarget "RecFib" */ = {
			isa = XCConfigurationList;
			buildConfigurations = (
				677D4D181A8CF73200F200B2 /* Debug */,
				677D4D191A8CF73200F200B2 /* Release */,
			);
			defaultConfigurationIsVisible = 0;
		};
		677D4D1A1A8CF73200F200B2 /* Build configuration list for PBXNativeTarget "RecFibTests" */ = {
			isa = XCConfigurationList;
			buildConfigurations = (
				677D4D1B1A8CF73200F200B2 /* Debug */,
				677D4D1C1A8CF73200F200B2 /* Release */,
			);
			defaultConfigurationIsVisible = 0;
		};
/* End XCConfigurationList section */
	};
	rootObject = 677D4CF01A8CF73200F200B2 /* Project object */;
}
